version = 1
revision = 3
requires-python = "==3.11.*"
resolution-markers = [
    "platform_machine == 'x86_64' and sys_platform == 'linux'",
]
supported-markers = [
    "platform_machine == 'x86_64' and sys_platform == 'linux'",
]

[[package]]
name = "annotated-doc"
version = "0.0.4"
source = { registry = "https://pypi.org/simple" }
sdist = { url = "https://files.pythonhosted.org/packages/57/ba/046ceea27344560984e26a590f90bc7f4a75b06701f653222458922b558c/annotated_doc-0.0.4.tar.gz", hash = "sha256:fbcda96e87e9c92ad167c2e53839e57503ecfda18804ea28102353485033faa4", size = 7288, upload-time = "2025-11-10T22:07:42.062Z" }
wheels = [
    { url = "https://files.pythonhosted.org/packages/1e/d3/26bf1008eb3d2daa8ef4cacc7f3bfdc11818d111f7e2d0201bc6e3b49d45/annotated_doc-0.0.4-py3-none-any.whl", hash = "sha256:571ac1dc6991c450b25a9c2d84a3705e2ae7a53467b5d111c24fa8baabbed320", size = 5303, upload-time = "2025-11-10T22:07:40.673Z" },
]

[[package]]
name = "annotated-types"
version = "0.7.0"
source = { registry = "https://pypi.org/simple" }
sdist = { url = "https://files.pythonhosted.org/packages/ee/67/531ea369ba64dcff5ec9c3402f9f51bf748cec26dde048a2f973a4eea7f5/annotated_types-0.7.0.tar.gz", hash = "sha256:aff07c09a53a08bc8cfccb9c85b05f1aa9a2a6f23728d790723543408344ce89", size = 16081, upload-time = "2024-05-20T21:33:25.928Z" }
wheels = [
    { url = "https://files.pythonhosted.org/packages/78/b6/6307fbef88d9b5ee7421e68d78a9f162e0da4900bc5f5793f6d3d0e34fb8/annotated_types-0.7.0-py3-none-any.whl", hash = "sha256:1f02e8b43a8fbbc3f3e0d4f0f4bfc8131bcb4eebe8849b8e5c773f3a1c582a53", size = 13643, upload-time = "2024-05-20T21:33:24.1Z" },
]

[[package]]
name = "anyio"
version = "4.12.0"
source = { registry = "https://pypi.org/simple" }
dependencies = [
    { name = "idna", marker = "platform_machine == 'x86_64' and sys_platform == 'linux'" },
    { name = "typing-extensions", marker = "platform_machine == 'x86_64' and sys_platform == 'linux'" },
]
sdist = { url = "https://files.pythonhosted.org/packages/16/ce/8a777047513153587e5434fd752e89334ac33e379aa3497db860eeb60377/anyio-4.12.0.tar.gz", hash = "sha256:73c693b567b0c55130c104d0b43a9baf3aa6a31fc6110116509f27bf75e21ec0", size = 228266, upload-time = "2025-11-28T23:37:38.911Z" }
wheels = [
    { url = "https://files.pythonhosted.org/packages/7f/9c/36c5c37947ebfb8c7f22e0eb6e4d188ee2d53aa3880f3f2744fb894f0cb1/anyio-4.12.0-py3-none-any.whl", hash = "sha256:dad2376a628f98eeca4881fc56cd06affd18f659b17a747d3ff0307ced94b1bb", size = 113362, upload-time = "2025-11-28T23:36:57.897Z" },
]

[[package]]
name = "certifi"
version = "2025.11.12"
source = { registry = "https://pypi.org/simple" }
sdist = { url = "https://files.pythonhosted.org/packages/a2/8c/58f469717fa48465e4a50c014a0400602d3c437d7c0c468e17ada824da3a/certifi-2025.11.12.tar.gz", hash = "sha256:d8ab5478f2ecd78af242878415affce761ca6bc54a22a27e026d7c25357c3316", size = 160538, upload-time = "2025-11-12T02:54:51.517Z" }
wheels = [
    { url = "https://files.pythonhosted.org/packages/70/7d/9bc192684cea499815ff478dfcdc13835ddf401365057044fb721ec6bddb/certifi-2025.11.12-py3-none-any.whl", hash = "sha256:97de8790030bbd5c2d96b7ec782fc2f7820ef8dba6db909ccf95449f2d062d4b", size = 159438, upload-time = "2025-11-12T02:54:49.735Z" },
]

[[package]]
name = "click"
version = "8.3.1"
source = { registry = "https://pypi.org/simple" }
sdist = { url = "https://files.pythonhosted.org/packages/3d/fa/656b739db8587d7b5dfa22e22ed02566950fbfbcdc20311993483657a5c0/click-8.3.1.tar.gz", hash = "sha256:12ff4785d337a1bb490bb7e9c2b1ee5da3112e94a8622f26a6c77f5d2fc6842a", size = 295065, upload-time = "2025-11-15T20:45:42.706Z" }
wheels = [
    { url = "https://files.pythonhosted.org/packages/98/78/01c019cdb5d6498122777c1a43056ebb3ebfeef2076d9d026bfe15583b2b/click-8.3.1-py3-none-any.whl", hash = "sha256:981153a64e25f12d547d3426c367a4857371575ee7ad18df2a6183ab0545b2a6", size = 108274, upload-time = "2025-11-15T20:45:41.139Z" },
]

[[package]]
name = "fastapi"
version = "0.124.4"
source = { registry = "https://pypi.org/simple" }
dependencies = [
    { name = "annotated-doc", marker = "platform_machine == 'x86_64' and sys_platform == 'linux'" },
    { name = "pydantic", marker = "platform_machine == 'x86_64' and sys_platform == 'linux'" },
    { name = "starlette", marker = "platform_machine == 'x86_64' and sys_platform == 'linux'" },
    { name = "typing-extensions", marker = "platform_machine == 'x86_64' and sys_platform == 'linux'" },
]
sdist = { url = "https://files.pythonhosted.org/packages/cd/21/ade3ff6745a82ea8ad88552b4139d27941549e4f19125879f848ac8f3c3d/fastapi-0.124.4.tar.gz", hash = "sha256:0e9422e8d6b797515f33f500309f6e1c98ee4e85563ba0f2debb282df6343763", size = 378460, upload-time = "2025-12-12T15:00:43.891Z" }
wheels = [
    { url = "https://files.pythonhosted.org/packages/3e/57/aa70121b5008f44031be645a61a7c4abc24e0e888ad3fc8fda916f4d188e/fastapi-0.124.4-py3-none-any.whl", hash = "sha256:6d1e703698443ccb89e50abe4893f3c84d9d6689c0cf1ca4fad6d3c15cf69f15", size = 113281, upload-time = "2025-12-12T15:00:42.44Z" },
]

[[package]]
name = "filelock"
version = "3.20.0"
source = { registry = "https://download.pytorch.org/whl/cpu" }
sdist = { url = "https://files.pythonhosted.org/packages/58/46/0028a82567109b5ef6e4d2a1f04a583fb513e6cf9527fcdd09afd817deeb/filelock-3.20.0.tar.gz", hash = "sha256:711e943b4ec6be42e1d4e6690b48dc175c822967466bb31c0c293f34334c13f4" }
wheels = [
    { url = "https://files.pythonhosted.org/packages/76/91/7216b27286936c16f5b4d0c530087e4a54eead683e6b0b73dd0c64844af6/filelock-3.20.0-py3-none-any.whl", hash = "sha256:339b4732ffda5cd79b13f4e2711a31b0365ce445d95d243bb996273d072546a2" },
]

[[package]]
name = "fsspec"
version = "2025.12.0"
source = { registry = "https://download.pytorch.org/whl/cpu" }
sdist = { url = "https://files.pythonhosted.org/packages/b6/27/954057b0d1f53f086f681755207dda6de6c660ce133c829158e8e8fe7895/fsspec-2025.12.0.tar.gz", hash = "sha256:c505de011584597b1060ff778bb664c1bc022e87921b0e4f10cc9c44f9635973" }
wheels = [
    { url = "https://files.pythonhosted.org/packages/51/c7/b64cae5dba3a1b138d7123ec36bb5ccd39d39939f18454407e5468f4763f/fsspec-2025.12.0-py3-none-any.whl", hash = "sha256:8bf1fe301b7d8acfa6e8571e3b1c3d158f909666642431cc78a1b7b4dbc5ec5b" },
]

[[package]]
name = "ftfy"
version = "6.3.1"
source = { registry = "https://pypi.org/simple" }
dependencies = [
    { name = "wcwidth", marker = "platform_machine == 'x86_64' and sys_platform == 'linux'" },
]
sdist = { url = "https://files.pythonhosted.org/packages/a5/d3/8650919bc3c7c6e90ee3fa7fd618bf373cbbe55dff043bd67353dbb20cd8/ftfy-6.3.1.tar.gz", hash = "sha256:9b3c3d90f84fb267fe64d375a07b7f8912d817cf86009ae134aa03e1819506ec", size = 308927, upload-time = "2024-10-26T00:50:35.149Z" }
wheels = [
    { url = "https://files.pythonhosted.org/packages/ab/6e/81d47999aebc1b155f81eca4477a616a70f238a2549848c38983f3c22a82/ftfy-6.3.1-py3-none-any.whl", hash = "sha256:7c70eb532015cd2f9adb53f101fb6c7945988d023a085d127d1573dc49dd0083", size = 44821, upload-time = "2024-10-26T00:50:33.425Z" },
]

[[package]]
name = "h11"
version = "0.16.0"
source = { registry = "https://pypi.org/simple" }
sdist = { url = "https://files.pythonhosted.org/packages/01/ee/02a2c011bdab74c6fb3c75474d40b3052059d95df7e73351460c8588d963/h11-0.16.0.tar.gz", hash = "sha256:4e35b956cf45792e4caa5885e69fba00bdbc6ffafbfa020300e549b208ee5ff1", size = 101250, upload-time = "2025-04-24T03:35:25.427Z" }
wheels = [
    { url = "https://files.pythonhosted.org/packages/04/4b/29cac41a4d98d144bf5f6d33995617b185d14b22401f75ca86f384e87ff1/h11-0.16.0-py3-none-any.whl", hash = "sha256:63cf8bbe7522de3bf65932fda1d9c2772064ffb3dae62d55932da54b31cb6c86", size = 37515, upload-time = "2025-04-24T03:35:24.344Z" },
]

[[package]]
name = "hf-xet"
version = "1.2.0"
source = { registry = "https://pypi.org/simple" }
sdist = { url = "https://files.pythonhosted.org/packages/5e/6e/0f11bacf08a67f7fb5ee09740f2ca54163863b07b70d579356e9222ce5d8/hf_xet-1.2.0.tar.gz", hash = "sha256:a8c27070ca547293b6890c4bf389f713f80e8c478631432962bb7f4bc0bd7d7f", size = 506020, upload-time = "2025-10-24T19:04:32.129Z" }
wheels = [
    { url = "https://files.pythonhosted.org/packages/9a/92/cf3ab0b652b082e66876d08da57fcc6fa2f0e6c70dfbbafbd470bb73eb47/hf_xet-1.2.0-cp37-abi3-manylinux_2_17_x86_64.manylinux2014_x86_64.whl", hash = "sha256:3651fd5bfe0281951b988c0facbe726aa5e347b103a675f49a3fa8144c7968fd", size = 3320214, upload-time = "2025-10-24T19:04:03.596Z" },
    { url = "https://files.pythonhosted.org/packages/92/68/89ac4e5b12a9ff6286a12174c8538a5930e2ed662091dd2572bbe0a18c8a/hf_xet-1.2.0-cp37-abi3-musllinux_1_2_x86_64.whl", hash = "sha256:a55558084c16b09b5ed32ab9ed38421e2d87cf3f1f89815764d1177081b99865", size = 3508920, upload-time = "2025-10-24T19:04:26.927Z" },
]

[[package]]
name = "httpcore"
version = "1.0.9"
source = { registry = "https://pypi.org/simple" }
dependencies = [
    { name = "certifi", marker = "platform_machine == 'x86_64' and sys_platform == 'linux'" },
    { name = "h11", marker = "platform_machine == 'x86_64' and sys_platform == 'linux'" },
]
sdist = { url = "https://files.pythonhosted.org/packages/06/94/82699a10bca87a5556c9c59b5963f2d039dbd239f25bc2a63907a05a14cb/httpcore-1.0.9.tar.gz", hash = "sha256:6e34463af53fd2ab5d807f399a9b45ea31c3dfa2276f15a2c3f00afff6e176e8", size = 85484, upload-time = "2025-04-24T22:06:22.219Z" }
wheels = [
    { url = "https://files.pythonhosted.org/packages/7e/f5/f66802a942d491edb555dd61e3a9961140fd64c90bce1eafd741609d334d/httpcore-1.0.9-py3-none-any.whl", hash = "sha256:2d400746a40668fc9dec9810239072b40b4484b640a8c38fd654a024c7a1bf55", size = 78784, upload-time = "2025-04-24T22:06:20.566Z" },
]

[[package]]
name = "httpx"
version = "0.28.1"
source = { registry = "https://pypi.org/simple" }
dependencies = [
    { name = "anyio", marker = "platform_machine == 'x86_64' and sys_platform == 'linux'" },
    { name = "certifi", marker = "platform_machine == 'x86_64' and sys_platform == 'linux'" },
    { name = "httpcore", marker = "platform_machine == 'x86_64' and sys_platform == 'linux'" },
    { name = "idna", marker = "platform_machine == 'x86_64' and sys_platform == 'linux'" },
]
sdist = { url = "https://files.pythonhosted.org/packages/b1/df/48c586a5fe32a0f01324ee087459e112ebb7224f646c0b5023f5e79e9956/httpx-0.28.1.tar.gz", hash = "sha256:75e98c5f16b0f35b567856f597f06ff2270a374470a5c2392242528e3e3e42fc", size = 141406, upload-time = "2024-12-06T15:37:23.222Z" }
wheels = [
    { url = "https://files.pythonhosted.org/packages/2a/39/e50c7c3a983047577ee07d2a9e53faf5a69493943ec3f6a384bdc792deb2/httpx-0.28.1-py3-none-any.whl", hash = "sha256:d909fcccc110f8c7faf814ca82a9a4d816bc5a6dbfea25d6591d6985b8ba59ad", size = 73517, upload-time = "2024-12-06T15:37:21.509Z" },
]

[[package]]
name = "huggingface-hub"
version = "1.2.3"
source = { registry = "https://pypi.org/simple" }
dependencies = [
    { name = "filelock", marker = "platform_machine == 'x86_64' and sys_platform == 'linux'" },
    { name = "fsspec", marker = "platform_machine == 'x86_64' and sys_platform == 'linux'" },
    { name = "hf-xet", marker = "platform_machine == 'x86_64' and sys_platform == 'linux'" },
    { name = "httpx", marker = "platform_machine == 'x86_64' and sys_platform == 'linux'" },
    { name = "packaging", marker = "platform_machine == 'x86_64' and sys_platform == 'linux'" },
    { name = "pyyaml", marker = "platform_machine == 'x86_64' and sys_platform == 'linux'" },
    { name = "shellingham", marker = "platform_machine == 'x86_64' and sys_platform == 'linux'" },
    { name = "tqdm", marker = "platform_machine == 'x86_64' and sys_platform == 'linux'" },
    { name = "typer-slim", marker = "platform_machine == 'x86_64' and sys_platform == 'linux'" },
    { name = "typing-extensions", marker = "platform_machine == 'x86_64' and sys_platform == 'linux'" },
]
sdist = { url = "https://files.pythonhosted.org/packages/a7/c8/9cd2fcb670ba0e708bfdf95a1177b34ca62de2d3821df0773bc30559af80/huggingface_hub-1.2.3.tar.gz", hash = "sha256:4ba57f17004fd27bb176a6b7107df579865d4cde015112db59184c51f5602ba7", size = 614605, upload-time = "2025-12-12T15:31:42.161Z" }
wheels = [
    { url = "https://files.pythonhosted.org/packages/df/8d/7ca723a884d55751b70479b8710f06a317296b1fa1c1dec01d0420d13e43/huggingface_hub-1.2.3-py3-none-any.whl", hash = "sha256:c9b7a91a9eedaa2149cdc12bdd8f5a11780e10de1f1024718becf9e41e5a4642", size = 520953, upload-time = "2025-12-12T15:31:40.339Z" },
]

[[package]]
name = "idna"
version = "3.11"
source = { registry = "https://pypi.org/simple" }
sdist = { url = "https://files.pythonhosted.org/packages/6f/6d/0703ccc57f3a7233505399edb88de3cbd678da106337b9fcde432b65ed60/idna-3.11.tar.gz", hash = "sha256:795dafcc9c04ed0c1fb032c2aa73654d8e8c5023a7df64a53f39190ada629902", size = 194582, upload-time = "2025-10-12T14:55:20.501Z" }
wheels = [
    { url = "https://files.pythonhosted.org/packages/0e/61/66938bbb5fc52dbdf84594873d5b51fb1f7c7794e9c0f5bd885f30bc507b/idna-3.11-py3-none-any.whl", hash = "sha256:771a87f49d9defaf64091e6e6fe9c18d4833f140bd19464795bc32d966ca37ea", size = 71008, upload-time = "2025-10-12T14:55:18.883Z" },
]

[[package]]
name = "jinja2"
version = "3.1.6"
source = { registry = "https://download.pytorch.org/whl/cpu" }
dependencies = [
    { name = "markupsafe", marker = "platform_machine == 'x86_64' and sys_platform == 'linux'" },
]
wheels = [
    { url = "https://download.pytorch.org/whl/jinja2-3.1.6-py3-none-any.whl" },
]

[[package]]
name = "markupsafe"
version = "3.0.3"
source = { registry = "https://pypi.org/simple" }
sdist = { url = "https://files.pythonhosted.org/packages/7e/99/7690b6d4034fffd95959cbe0c02de8deb3098cc577c67bb6a24fe5d7caa7/markupsafe-3.0.3.tar.gz", hash = "sha256:722695808f4b6457b320fdc131280796bdceb04ab50fe1795cd540799ebe1698", size = 80313, upload-time = "2025-09-27T18:37:40.426Z" }
wheels = [
    { url = "https://files.pythonhosted.org/packages/30/ac/0273f6fcb5f42e314c6d8cd99effae6a5354604d461b8d392b5ec9530a54/markupsafe-3.0.3-cp311-cp311-manylinux2014_x86_64.manylinux_2_17_x86_64.manylinux_2_28_x86_64.whl", hash = "sha256:0bf2a864d67e76e5c9a34dc26ec616a66b9888e25e7b9460e1c76d3293bd9dbf", size = 22940, upload-time = "2025-09-27T18:36:22.249Z" },
    { url = "https://files.pythonhosted.org/packages/19/ae/31c1be199ef767124c042c6c3e904da327a2f7f0cd63a0337e1eca2967a8/markupsafe-3.0.3-cp311-cp311-manylinux_2_31_riscv64.manylinux_2_39_riscv64.whl", hash = "sha256:bc51efed119bc9cfdf792cdeaa4d67e8f6fcccab66ed4bfdd6bde3e59bfcbb2f", size = 21887, upload-time = "2025-09-27T18:36:23.535Z" },
    { url = "https://files.pythonhosted.org/packages/a4/28/6e74cdd26d7514849143d69f0bf2399f929c37dc2b31e6829fd2045b2765/markupsafe-3.0.3-cp311-cp311-musllinux_1_2_riscv64.whl", hash = "sha256:7be7b61bb172e1ed687f1754f8e7484f1c8019780f6f6b0786e76bb01c2ae115", size = 21471, upload-time = "2025-09-27T18:36:25.95Z" },
    { url = "https://files.pythonhosted.org/packages/62/7e/a145f36a5c2945673e590850a6f8014318d5577ed7e5920a4b3448e0865d/markupsafe-3.0.3-cp311-cp311-musllinux_1_2_x86_64.whl", hash = "sha256:f9e130248f4462aaa8e2552d547f36ddadbeaa573879158d721bbd33dfe4743a", size = 22923, upload-time = "2025-09-27T18:36:27.109Z" },
]

[[package]]
name = "mpmath"
version = "1.3.0"
source = { registry = "https://download.pytorch.org/whl/cpu" }
sdist = { url = "https://files.pythonhosted.org/packages/e0/47/dd32fa426cc72114383ac549964eecb20ecfd886d1e5ccf5340b55b02f57/mpmath-1.3.0.tar.gz", hash = "sha256:7a28eb2a9774d00c7bc92411c19a89209d5da7c4c9a9e227be8330a23a25b91f" }
wheels = [
    { url = "https://files.pythonhosted.org/packages/43/e3/7d92a15f894aa0c9c4b49b8ee9ac9850d6e63b03c9c32c0367a13ae62209/mpmath-1.3.0-py3-none-any.whl", hash = "sha256:a0b2b9fe80bbcd81a6647ff13108738cfb482d481d826cc0e02f5b35e5c88d2c" },
]

[[package]]
name = "networkx"
version = "3.6.1"
source = { registry = "https://download.pytorch.org/whl/cpu" }
sdist = { url = "https://files.pythonhosted.org/packages/6a/51/63fe664f3908c97be9d2e4f1158eb633317598cfa6e1fc14af5383f17512/networkx-3.6.1.tar.gz", hash = "sha256:26b7c357accc0c8cde558ad486283728b65b6a95d85ee1cd66bafab4c8168509" }
wheels = [
    { url = "https://files.pythonhosted.org/packages/9e/c9/b2622292ea83fbb4ec318f5b9ab867d0a28ab43c5717bb85b0a5f6b3b0a4/networkx-3.6.1-py3-none-any.whl", hash = "sha256:d47fbf302e7d9cbbb9e2555a0d267983d2aa476bac30e90dfbe5669bd57f3762" },
]

[[package]]
name = "numpy"
version = "2.3.5"
source = { registry = "https://download.pytorch.org/whl/cpu" }
sdist = { url = "https://files.pythonhosted.org/packages/76/65/21b3bc86aac7b8f2862db1e808f1ea22b028e30a225a34a5ede9bf8678f2/numpy-2.3.5.tar.gz", hash = "sha256:784db1dcdab56bf0517743e746dfb0f885fc68d948aba86eeec2cba234bdf1c0" }
wheels = [
    { url = "https://files.pythonhosted.org/packages/65/fb/2b23769462b34398d9326081fad5655198fcf18966fcb1f1e49db44fbf31/numpy-2.3.5-cp311-cp311-manylinux_2_27_x86_64.manylinux_2_28_x86_64.whl", hash = "sha256:8cba086a43d54ca804ce711b2a940b16e452807acebe7852ff327f1ecd49b0d4" },
    { url = "https://files.pythonhosted.org/packages/6f/3b/1f73994904142b2aa290449b3bb99772477b5fd94d787093e4f24f5af763/numpy-2.3.5-cp311-cp311-musllinux_1_2_x86_64.whl", hash = "sha256:396084a36abdb603546b119d96528c2f6263921c50df3c8fd7cb28873a237748" },
    { url = "https://files.pythonhosted.org/packages/b8/50/94ccd8a2b141cb50651fddd4f6a48874acb3c91c8f0842b08a6afc4b0b21/numpy-2.3.5-pp311-pypy311_pp73-manylinux_2_27_x86_64.manylinux_2_28_x86_64.whl", hash = "sha256:63c0e9e7eea69588479ebf4a8a270d5ac22763cc5854e9a7eae952a3908103f7" },
]

[[package]]
name = "open-clip-torch"
version = "3.2.0"
source = { registry = "https://pypi.org/simple" }
dependencies = [
    { name = "ftfy", marker = "platform_machine == 'x86_64' and sys_platform == 'linux'" },
    { name = "huggingface-hub", marker = "platform_machine == 'x86_64' and sys_platform == 'linux'" },
    { name = "regex", marker = "platform_machine == 'x86_64' and sys_platform == 'linux'" },
    { name = "safetensors", marker = "platform_machine == 'x86_64' and sys_platform == 'linux'" },
    { name = "timm", marker = "platform_machine == 'x86_64' and sys_platform == 'linux'" },
    { name = "torch", marker = "platform_machine == 'x86_64' and sys_platform == 'linux'" },
    { name = "torchvision", marker = "platform_machine == 'x86_64' and sys_platform == 'linux'" },
    { name = "tqdm", marker = "platform_machine == 'x86_64' and sys_platform == 'linux'" },
]
sdist = { url = "https://files.pythonhosted.org/packages/30/46/fb8be250fa7fcfc56fbeb41583645e18d868268f67fbbbeb8ed62a8ff18a/open_clip_torch-3.2.0.tar.gz", hash = "sha256:62b7743012ccc40fb7c64819fa762fba0a13dd74585ac733babe58c2974c2506", size = 1502853, upload-time = "2025-09-21T17:32:08.289Z" }
wheels = [
    { url = "https://files.pythonhosted.org/packages/94/91/397327cc1597fa317942cc15bef414175eee4b3c2263b34407c57f3521f9/open_clip_torch-3.2.0-py3-none-any.whl", hash = "sha256:e1f5b3ecbadb6d8ea64b1f887db23efee9739e7c0d0075a8a2a3cabae8fed8d1", size = 1546677, upload-time = "2025-09-21T17:32:06.269Z" },
]

[[package]]
name = "opencv-python-headless"
version = "4.11.0.86"
source = { registry = "https://pypi.org/simple" }
dependencies = [
    { name = "numpy", marker = "platform_machine == 'x86_64' and sys_platform == 'linux'" },
]
sdist = { url = "https://files.pythonhosted.org/packages/36/2f/5b2b3ba52c864848885ba988f24b7f105052f68da9ab0e693cc7c25b0b30/opencv-python-headless-4.11.0.86.tar.gz", hash = "sha256:996eb282ca4b43ec6a3972414de0e2331f5d9cda2b41091a49739c19fb843798", size = 95177929, upload-time = "2025-01-16T13:53:40.22Z" }
wheels = [
    { url = "https://files.pythonhosted.org/packages/dd/5c/c139a7876099916879609372bfa513b7f1257f7f1a908b0bdc1c2328241b/opencv_python_headless-4.11.0.86-cp37-abi3-manylinux_2_17_x86_64.manylinux2014_x86_64.whl", hash = "sha256:0e0a27c19dd1f40ddff94976cfe43066fbbe9dfbb2ec1907d66c19caef42a57b", size = 49969856, upload-time = "2025-01-16T13:53:29.654Z" },
]

[[package]]
name = "packaging"
version = "25.0"
source = { registry = "https://pypi.org/simple" }
sdist = { url = "https://files.pythonhosted.org/packages/a1/d4/1fc4078c65507b51b96ca8f8c3ba19e6a61c8253c72794544580a7b6c24d/packaging-25.0.tar.gz", hash = "sha256:d443872c98d677bf60f6a1f2f8c1cb748e8fe762d2bf9d3148b5599295b0fc4f", size = 165727, upload-time = "2025-04-19T11:48:59.673Z" }
wheels = [
    { url = "https://files.pythonhosted.org/packages/20/12/38679034af332785aac8774540895e234f4d07f7545804097de4b666afd8/packaging-25.0-py3-none-any.whl", hash = "sha256:29572ef2b1f17581046b3a2227d5c611fb25ec70ca1ba8554b24b0e69331a484", size = 66469, upload-time = "2025-04-19T11:48:57.875Z" },
]

[[package]]
name = "pillow"
version = "12.0.0"
source = { registry = "https://download.pytorch.org/whl/cpu" }
sdist = { url = "https://files.pythonhosted.org/packages/5a/b0/cace85a1b0c9775a9f8f5d5423c8261c858760e2466c79b2dd184638b056/pillow-12.0.0.tar.gz", hash = "sha256:87d4f8125c9988bfbed67af47dd7a953e2fc7b0cc1e7800ec6d2080d490bb353" }
wheels = [
    { url = "https://files.pythonhosted.org/packages/4f/89/63427f51c64209c5e23d4d52071c8d0f21024d3a8a487737caaf614a5795/pillow-12.0.0-cp311-cp311-manylinux2014_x86_64.manylinux_2_17_x86_64.whl", hash = "sha256:5269cc1caeedb67e6f7269a42014f381f45e2e7cd42d834ede3c703a1d915fe3" },
    { url = "https://files.pythonhosted.org/packages/41/1e/db9470f2d030b4995083044cd8738cdd1bf773106819f6d8ba12597d5352/pillow-12.0.0-cp311-cp311-manylinux_2_27_x86_64.manylinux_2_28_x86_64.whl", hash = "sha256:bee2a6db3a7242ea309aa7ee8e2780726fed67ff4e5b40169f2c940e7eb09227" },
    { url = "https://files.pythonhosted.org/packages/bc/5e/61537aa6fa977922c6a03253a0e727e6e4a72381a80d63ad8eec350684f2/pillow-12.0.0-cp311-cp311-musllinux_1_2_x86_64.whl", hash = "sha256:bc91a56697869546d1b8f0a3ff35224557ae7f881050e99f615e0119bf934b4e" },
    { url = "https://files.pythonhosted.org/packages/94/5a/0d8ab8ffe8a102ff5df60d0de5af309015163bf710c7bb3e8311dd3b3ad0/pillow-12.0.0-pp311-pypy311_pp73-manylinux2014_x86_64.manylinux_2_17_x86_64.whl", hash = "sha256:aeaefa96c768fc66818730b952a862235d68825c178f1b3ffd4efd7ad2edcb7c" },
    { url = "https://files.pythonhosted.org/packages/57/ca/5a9d38900d9d74785141d6580950fe705de68af735ff6e727cb911b64740/pillow-12.0.0-pp311-pypy311_pp73-manylinux_2_27_x86_64.manylinux_2_28_x86_64.whl", hash = "sha256:bdee52571a343d721fb2eb3b090a82d959ff37fc631e3f70422e0c2e029f3e76" },
]

[[package]]
name = "pydantic"
version = "2.12.5"
source = { registry = "https://pypi.org/simple" }
dependencies = [
    { name = "annotated-types", marker = "platform_machine == 'x86_64' and sys_platform == 'linux'" },
    { name = "pydantic-core", marker = "platform_machine == 'x86_64' and sys_platform == 'linux'" },
    { name = "typing-extensions", marker = "platform_machine == 'x86_64' and sys_platform == 'linux'" },
    { name = "typing-inspection", marker = "platform_machine == 'x86_64' and sys_platform == 'linux'" },
]
sdist = { url = "https://files.pythonhosted.org/packages/69/44/36f1a6e523abc58ae5f928898e4aca2e0ea509b5aa6f6f392a5d882be928/pydantic-2.12.5.tar.gz", hash = "sha256:4d351024c75c0f085a9febbb665ce8c0c6ec5d30e903bdb6394b7ede26aebb49", size = 821591, upload-time = "2025-11-26T15:11:46.471Z" }
wheels = [
    { url = "https://files.pythonhosted.org/packages/5a/87/b70ad306ebb6f9b585f114d0ac2137d792b48be34d732d60e597c2f8465a/pydantic-2.12.5-py3-none-any.whl", hash = "sha256:e561593fccf61e8a20fc46dfc2dfe075b8be7d0188df33f221ad1f0139180f9d", size = 463580, upload-time = "2025-11-26T15:11:44.605Z" },
]

[[package]]
name = "pydantic-core"
version = "2.41.5"
source = { registry = "https://pypi.org/simple" }
dependencies = [
    { name = "typing-extensions", marker = "platform_machine == 'x86_64' and sys_platform == 'linux'" },
]
sdist = { url = "https://files.pythonhosted.org/packages/71/70/23b021c950c2addd24ec408e9ab05d59b035b39d97cdc1130e1bce647bb6/pydantic_core-2.41.5.tar.gz", hash = "sha256:08daa51ea16ad373ffd5e7606252cc32f07bc72b28284b6bc9c6df804816476e", size = 460952, upload-time = "2025-11-04T13:43:49.098Z" }
wheels = [
    { url = "https://files.pythonhosted.org/packages/6e/6a/30d94a9674a7fe4f4744052ed6c5e083424510be1e93da5bc47569d11810/pydantic_core-2.41.5-cp311-cp311-manylinux_2_17_armv7l.manylinux2014_armv7l.whl", hash = "sha256:e7b576130c69225432866fe2f4a469a85a54ade141d96fd396dffcf607b558f8", size = 2063890, upload-time = "2025-11-04T13:39:36.053Z" },
    { url = "https://files.pythonhosted.org/packages/50/be/76e5d46203fcb2750e542f32e6c371ffa9b8ad17364cf94bb0818dbfb50c/pydantic_core-2.41.5-cp311-cp311-manylinux_2_17_ppc64le.manylinux2014_ppc64le.whl", hash = "sha256:6cb58b9c66f7e4179a2d5e0f849c48eff5c1fca560994d6eb6543abf955a149e", size = 2229740, upload-time = "2025-11-04T13:39:37.753Z" },
    { url = "https://files.pythonhosted.org/packages/d3/ee/fed784df0144793489f87db310a6bbf8118d7b630ed07aa180d6067e653a/pydantic_core-2.41.5-cp311-cp311-manylinux_2_17_s390x.manylinux2014_s390x.whl", hash = "sha256:88942d3a3dff3afc8288c21e565e476fc278902ae4d6d134f1eeda118cc830b1", size = 2350021, upload-time = "2025-11-04T13:39:40.94Z" },
    { url = "https://files.pythonhosted.org/packages/c8/be/8fed28dd0a180dca19e72c233cbf58efa36df055e5b9d90d64fd1740b828/pydantic_core-2.41.5-cp311-cp311-manylinux_2_17_x86_64.manylinux2014_x86_64.whl", hash = "sha256:f31d95a179f8d64d90f6831d71fa93290893a33148d890ba15de25642c5d075b", size = 2066378, upload-time = "2025-11-04T13:39:42.523Z" },
    { url = "https://files.pythonhosted.org/packages/58/7f/0de669bf37d206723795f9c90c82966726a2ab06c336deba4735b55af431/pydantic_core-2.41.5-cp311-cp311-musllinux_1_1_armv7l.whl", hash = "sha256:34a64bc3441dc1213096a20fe27e8e128bd3ff89921706e83c0b1ac971276594", size = 2340355, upload-time = "2025-11-04T13:39:48.002Z" },
    { url = "https://files.pythonhosted.org/packages/e5/de/e7482c435b83d7e3c3ee5ee4451f6e8973cff0eb6007d2872ce6383f6398/pydantic_core-2.41.5-cp311-cp311-musllinux_1_1_x86_64.whl", hash = "sha256:c9e19dd6e28fdcaa5a1de679aec4141f691023916427ef9bae8584f9c2fb3b0e", size = 2319875, upload-time = "2025-11-04T13:39:49.705Z" },
    { url = "https://files.pythonhosted.org/packages/2e/1b/687711069de7efa6af934e74f601e2a4307365e8fdc404703afc453eab26/pydantic_core-2.41.5-graalpy311-graalpy242_311_native-manylinux_2_17_x86_64.manylinux2014_x86_64.whl", hash = "sha256:f15489ba13d61f670dcc96772e733aad1a6f9c429cc27574c6cdaed82d0146ad", size = 2138905, upload-time = "2025-11-04T13:42:47.156Z" },
    { url = "https://files.pythonhosted.org/packages/ce/3a/626b38db460d675f873e4444b4bb030453bbe7b4ba55df821d026a0493c4/pydantic_core-2.41.5-pp311-pypy311_pp73-manylinux_2_17_x86_64.manylinux2014_x86_64.whl", hash = "sha256:58133647260ea01e4d0500089a8c4f07bd7aa6ce109682b1426394988d8aaacc", size = 2134256, upload-time = "2025-11-04T13:43:31.71Z" },
    { url = "https://files.pythonhosted.org/packages/1f/f2/f11dd73284122713f5f89fc940f370d035fa8e1e078d446b3313955157fe/pydantic_core-2.41.5-pp311-pypy311_pp73-musllinux_1_1_armv7l.whl", hash = "sha256:a668ce24de96165bb239160b3d854943128f4334822900534f2fe947930e5770", size = 2330317, upload-time = "2025-11-04T13:43:40.406Z" },
    { url = "https://files.pythonhosted.org/packages/88/9d/b06ca6acfe4abb296110fb1273a4d848a0bfb2ff65f3ee92127b3244e16b/pydantic_core-2.41.5-pp311-pypy311_pp73-musllinux_1_1_x86_64.whl", hash = "sha256:f14f8f046c14563f8eb3f45f499cc658ab8d10072961e07225e507adb700e93f", size = 2316992, upload-time = "2025-11-04T13:43:43.602Z" },
]

[[package]]
name = "python-multipart"
version = "0.0.20"
source = { registry = "https://pypi.org/simple" }
sdist = { url = "https://files.pythonhosted.org/packages/f3/87/f44d7c9f274c7ee665a29b885ec97089ec5dc034c7f3fafa03da9e39a09e/python_multipart-0.0.20.tar.gz", hash = "sha256:8dd0cab45b8e23064ae09147625994d090fa46f5b0d1e13af944c331a7fa9d13", size = 37158, upload-time = "2024-12-16T19:45:46.972Z" }
wheels = [
    { url = "https://files.pythonhosted.org/packages/45/58/38b5afbc1a800eeea951b9285d3912613f2603bdf897a4ab0f4bd7f405fc/python_multipart-0.0.20-py3-none-any.whl", hash = "sha256:8a62d3a8335e06589fe01f2a3e178cdcc632f3fbe0d492ad9ee0ec35aab1f104", size = 24546, upload-time = "2024-12-16T19:45:44.423Z" },
]

[[package]]
name = "pyyaml"
version = "6.0.3"
source = { registry = "https://pypi.org/simple" }
sdist = { url = "https://files.pythonhosted.org/packages/05/8e/961c0007c59b8dd7729d542c61a4d537767a59645b82a0b521206e1e25c2/pyyaml-6.0.3.tar.gz", hash = "sha256:d76623373421df22fb4cf8817020cbb7ef15c725b9d5e45f17e189bfc384190f", size = 130960, upload-time = "2025-09-25T21:33:16.546Z" }
wheels = [
    { url = "https://files.pythonhosted.org/packages/10/cb/16c3f2cf3266edd25aaa00d6c4350381c8b012ed6f5276675b9eba8d9ff4/pyyaml-6.0.3-cp311-cp311-manylinux2014_s390x.manylinux_2_17_s390x.manylinux_2_28_s390x.whl", hash = "sha256:850774a7879607d3a6f50d36d04f00ee69e7fc816450e5f7e58d7f17f1ae5c00", size = 882114, upload-time = "2025-09-25T21:32:03.376Z" },
    { url = "https://files.pythonhosted.org/packages/71/60/917329f640924b18ff085ab889a11c763e0b573da888e8404ff486657602/pyyaml-6.0.3-cp311-cp311-manylinux2014_x86_64.manylinux_2_17_x86_64.manylinux_2_28_x86_64.whl", hash = "sha256:b8bb0864c5a28024fac8a632c443c87c5aa6f215c0b126c449ae1a150412f31d", size = 806638, upload-time = "2025-09-25T21:32:04.553Z" },
    { url = "https://files.pythonhosted.org/packages/f2/6a/b627b4e0c1dd03718543519ffb2f1deea4a1e6d42fbab8021936a4d22589/pyyaml-6.0.3-cp311-cp311-musllinux_1_2_x86_64.whl", hash = "sha256:37503bfbfc9d2c40b344d06b2199cf0e96e97957ab1c1b546fd4f87e53e5d3e4", size = 794986, upload-time = "2025-09-25T21:32:07.367Z" },
]

[[package]]
name = "regex"
version = "2025.11.3"
source = { registry = "https://pypi.org/simple" }
sdist = { url = "https://files.pythonhosted.org/packages/cc/a9/546676f25e573a4cf00fe8e119b78a37b6a8fe2dc95cda877b30889c9c45/regex-2025.11.3.tar.gz", hash = "sha256:1fedc720f9bb2494ce31a58a1631f9c82df6a09b49c19517ea5cc280b4541e01", size = 414669, upload-time = "2025-11-03T21:34:22.089Z" }
wheels = [
    { url = "https://files.pythonhosted.org/packages/3d/e2/23cd5d3573901ce8f9757c92ca4db4d09600b865919b6d3e7f69f03b1afd/regex-2025.11.3-cp311-cp311-manylinux2014_ppc64le.manylinux_2_17_ppc64le.manylinux_2_28_ppc64le.whl", hash = "sha256:6dd329a1b61c0ee95ba95385fb0c07ea0d3fe1a21e1349fa2bec272636217118", size = 860448, upload-time = "2025-11-03T21:31:18.12Z" },
    { url = "https://files.pythonhosted.org/packages/2a/4c/aecf31beeaa416d0ae4ecb852148d38db35391aac19c687b5d56aedf3a8b/regex-2025.11.3-cp311-cp311-manylinux2014_s390x.manylinux_2_17_s390x.manylinux_2_28_s390x.whl", hash = "sha256:4c5238d32f3c5269d9e87be0cf096437b7622b6920f5eac4fd202468aaeb34d2", size = 907139, upload-time = "2025-11-03T21:31:20.753Z" },
    { url = "https://files.pythonhosted.org/packages/61/22/b8cb00df7d2b5e0875f60628594d44dba283e951b1ae17c12f99e332cc0a/regex-2025.11.3-cp311-cp311-manylinux2014_x86_64.manylinux_2_17_x86_64.manylinux_2_28_x86_64.whl", hash = "sha256:10483eefbfb0adb18ee9474498c9a32fcf4e594fbca0543bb94c48bac6183e2e", size = 800439, upload-time = "2025-11-03T21:31:22.069Z" },
    { url = "https://files.pythonhosted.org/packages/b4/4c/ae3e52988ae74af4b04d2af32fee4e8077f26e51b62ec2d12d246876bea2/regex-2025.11.3-cp311-cp311-musllinux_1_2_ppc64le.whl", hash = "sha256:e6b49cd2aad93a1790ce9cffb18964f6d3a4b0b3dbdbd5de094b65296fce6e58", size = 854398, upload-time = "2025-11-03T21:31:25.008Z" },
    { url = "https://files.pythonhosted.org/packages/06/d1/a8b9cf45874eda14b2e275157ce3b304c87e10fb38d9fc26a6e14eb18227/regex-2025.11.3-cp311-cp311-musllinux_1_2_s390x.whl", hash = "sha256:885b26aa3ee56433b630502dc3d36ba78d186a00cc535d3806e6bfd9ed3c70ab", size = 845897, upload-time = "2025-11-03T21:31:26.427Z" },
    { url = "https://files.pythonhosted.org/packages/ea/fe/1830eb0236be93d9b145e0bd8ab499f31602fe0999b1f19e99955aa8fe20/regex-2025.11.3-cp311-cp311-musllinux_1_2_x86_64.whl", hash = "sha256:ddd76a9f58e6a00f8772e72cff8ebcff78e022be95edf018766707c730593e1e", size = 788906, upload-time = "2025-11-03T21:31:28.078Z" },
]

[[package]]
name = "repl-nix-workspace"
version = "0.1.0"
source = { virtual = "." }
dependencies = [
    { name = "fastapi", marker = "platform_machine == 'x86_64' and sys_platform == 'linux'" },
    { name = "ftfy", marker = "platform_machine == 'x86_64' and sys_platform == 'linux'" },
    { name = "numpy", marker = "platform_machine == 'x86_64' and sys_platform == 'linux'" },
    { name = "open-clip-torch", marker = "platform_machine == 'x86_64' and sys_platform == 'linux'" },
    { name = "opencv-python-headless", marker = "platform_machine == 'x86_64' and sys_platform == 'linux'" },
    { name = "pillow", marker = "platform_machine == 'x86_64' and sys_platform == 'linux'" },
    { name = "python-multipart", marker = "platform_machine == 'x86_64' and sys_platform == 'linux'" },
    { name = "regex", marker = "platform_machine == 'x86_64' and sys_platform == 'linux'" },
    { name = "scipy", marker = "platform_machine == 'x86_64' and sys_platform == 'linux'" },
    { name = "torch", marker = "platform_machine == 'x86_64' and sys_platform == 'linux'" },
    { name = "tqdm", marker = "platform_machine == 'x86_64' and sys_platform == 'linux'" },
    { name = "uvicorn", marker = "platform_machine == 'x86_64' and sys_platform == 'linux'" },
]

[package.metadata]
requires-dist = [
    { name = "fastapi", specifier = ">=0.124.4" },
    { name = "ftfy", specifier = ">=6.3.1" },
    { name = "numpy", specifier = ">=2.3.5" },
    { name = "open-clip-torch" },
    { name = "opencv-python-headless", specifier = ">=4.11.0.86" },
    { name = "pillow", specifier = ">=12.0.0" },
    { name = "python-multipart", specifier = ">=0.0.20" },
    { name = "regex", specifier = ">=2025.11.3" },
    { name = "scipy", specifier = ">=1.16.3" },
    { name = "torch", marker = "sys_platform != 'linux'" },
    { name = "torch", marker = "sys_platform == 'linux'", index = "https://download.pytorch.org/whl/cpu" },
    { name = "tqdm", specifier = ">=4.67.1" },
    { name = "uvicorn", specifier = ">=0.38.0" },
]

[[package]]
name = "safetensors"
version = "0.7.0"
source = { registry = "https://pypi.org/simple" }
sdist = { url = "https://files.pythonhosted.org/packages/29/9c/6e74567782559a63bd040a236edca26fd71bc7ba88de2ef35d75df3bca5e/safetensors-0.7.0.tar.gz", hash = "sha256:07663963b67e8bd9f0b8ad15bb9163606cd27cc5a1b96235a50d8369803b96b0", size = 200878, upload-time = "2025-11-19T15:18:43.199Z" }
wheels = [
    { url = "https://files.pythonhosted.org/packages/ae/33/1debbbb70e4791dde185edb9413d1fe01619255abb64b300157d7f15dddd/safetensors-0.7.0-cp38-abi3-manylinux_2_17_armv7l.manylinux2014_armv7l.whl", hash = "sha256:8469155f4cb518bafb4acf4865e8bb9d6804110d2d9bdcaa78564b9fd841e104", size = 503881, upload-time = "2025-11-19T15:18:16.145Z" },
    { url = "https://files.pythonhosted.org/packages/8e/1c/40c2ca924d60792c3be509833df711b553c60effbd91da6f5284a83f7122/safetensors-0.7.0-cp38-abi3-manylinux_2_17_ppc64le.manylinux2014_ppc64le.whl", hash = "sha256:54bef08bf00a2bff599982f6b08e8770e09cc012d7bba00783fc7ea38f1fb37d", size = 623463, upload-time = "2025-11-19T15:18:21.11Z" },
    { url = "https://files.pythonhosted.org/packages/9b/3a/13784a9364bd43b0d61eef4bea2845039bc2030458b16594a1bd787ae26e/safetensors-0.7.0-cp38-abi3-manylinux_2_17_s390x.manylinux2014_s390x.whl", hash = "sha256:42cb091236206bb2016d245c377ed383aa7f78691748f3bb6ee1bfa51ae2ce6a", size = 532855, upload-time = "2025-11-19T15:18:25.719Z" },
    { url = "https://files.pythonhosted.org/packages/a0/60/429e9b1cb3fc651937727befe258ea24122d9663e4d5709a48c9cbfceecb/safetensors-0.7.0-cp38-abi3-manylinux_2_17_x86_64.manylinux2014_x86_64.whl", hash = "sha256:dac7252938f0696ddea46f5e855dd3138444e82236e3be475f54929f0c510d48", size = 507152, upload-time = "2025-11-19T15:18:33.023Z" },
    { url = "https://files.pythonhosted.org/packages/11/f5/57644a2ff08dc6325816ba7217e5095f17269dada2554b658442c66aed51/safetensors-0.7.0-cp38-abi3-musllinux_1_2_armv7l.whl", hash = "sha256:672132907fcad9f2aedcb705b2d7b3b93354a2aec1b2f706c4db852abe338f85", size = 771715, upload-time = "2025-11-19T15:18:38.689Z" },
    { url = "https://files.pythonhosted.org/packages/4a/d8/0c8a7dc9b41dcac53c4cbf9df2b9c83e0e0097203de8b37a712b345c0be5/safetensors-0.7.0-cp38-abi3-musllinux_1_2_x86_64.whl", hash = "sha256:b0f6d66c1c538d5a94a73aa9ddca8ccc4227e6c9ff555322ea40bdd142391dd4", size = 677368, upload-time = "2025-11-19T15:18:41.627Z" },
]

[[package]]
name = "scipy"
version = "1.16.3"
source = { registry = "https://pypi.org/simple" }
dependencies = [
    { name = "numpy", marker = "platform_machine == 'x86_64' and sys_platform == 'linux'" },
]
sdist = { url = "https://files.pythonhosted.org/packages/0a/ca/d8ace4f98322d01abcd52d381134344bf7b431eba7ed8b42bdea5a3c2ac9/scipy-1.16.3.tar.gz", hash = "sha256:01e87659402762f43bd2fee13370553a17ada367d42e7487800bf2916535aecb", size = 30597883, upload-time = "2025-10-28T17:38:54.068Z" }
wheels = [
    { url = "https://files.pythonhosted.org/packages/ca/6e/8942461cf2636cdae083e3eb72622a7fbbfa5cf559c7d13ab250a5dbdc01/scipy-1.16.3-cp311-cp311-manylinux2014_x86_64.manylinux_2_17_x86_64.whl", hash = "sha256:0151a0749efeaaab78711c78422d413c583b8cdd2011a3c1d6c794938ee9fdb2", size = 35899798, upload-time = "2025-10-28T17:32:12.665Z" },
    { url = "https://files.pythonhosted.org/packages/39/c1/1903de608c0c924a1749c590064e65810f8046e437aba6be365abc4f7557/scipy-1.16.3-cp311-cp311-musllinux_1_2_x86_64.whl", hash = "sha256:deb3841c925eeddb6afc1e4e4a45e418d19ec7b87c5df177695224078e8ec733", size = 38878540, upload-time = "2025-10-28T17:32:23.907Z" },
]

[[package]]
name = "shellingham"
version = "1.5.4"
source = { registry = "https://pypi.org/simple" }
sdist = { url = "https://files.pythonhosted.org/packages/58/15/8b3609fd3830ef7b27b655beb4b4e9c62313a4e8da8c676e142cc210d58e/shellingham-1.5.4.tar.gz", hash = "sha256:8dbca0739d487e5bd35ab3ca4b36e11c4078f3a234bfce294b0a0291363404de", size = 10310, upload-time = "2023-10-24T04:13:40.426Z" }
wheels = [
    { url = "https://files.pythonhosted.org/packages/e0/f9/0595336914c5619e5f28a1fb793285925a8cd4b432c9da0a987836c7f822/shellingham-1.5.4-py2.py3-none-any.whl", hash = "sha256:7ecfff8f2fd72616f7481040475a65b2bf8af90a56c89140852d1120324e8686", size = 9755, upload-time = "2023-10-24T04:13:38.866Z" },
]

[[package]]
name = "starlette"
version = "0.50.0"
source = { registry = "https://pypi.org/simple" }
dependencies = [
    { name = "anyio", marker = "platform_machine == 'x86_64' and sys_platform == 'linux'" },
    { name = "typing-extensions", marker = "platform_machine == 'x86_64' and sys_platform == 'linux'" },
]
sdist = { url = "https://files.pythonhosted.org/packages/ba/b8/73a0e6a6e079a9d9cfa64113d771e421640b6f679a52eeb9b32f72d871a1/starlette-0.50.0.tar.gz", hash = "sha256:a2a17b22203254bcbc2e1f926d2d55f3f9497f769416b3190768befe598fa3ca", size = 2646985, upload-time = "2025-11-01T15:25:27.516Z" }
wheels = [
    { url = "https://files.pythonhosted.org/packages/d9/52/1064f510b141bd54025f9b55105e26d1fa970b9be67ad766380a3c9b74b0/starlette-0.50.0-py3-none-any.whl", hash = "sha256:9e5391843ec9b6e472eed1365a78c8098cfceb7a74bfd4d6b1c0c0095efb3bca", size = 74033, upload-time = "2025-11-01T15:25:25.461Z" },
]

[[package]]
name = "sympy"
version = "1.14.0"
source = { registry = "https://download.pytorch.org/whl/cpu" }
dependencies = [
    { name = "mpmath", marker = "platform_machine == 'x86_64' and sys_platform == 'linux'" },
]
sdist = { url = "https://files.pythonhosted.org/packages/83/d3/803453b36afefb7c2bb238361cd4ae6125a569b4db67cd9e79846ba2d68c/sympy-1.14.0.tar.gz", hash = "sha256:d3d3fe8df1e5a0b42f0e7bdf50541697dbe7d23746e894990c030e2b05e72517" }
wheels = [
    { url = "https://files.pythonhosted.org/packages/a2/09/77d55d46fd61b4a135c444fc97158ef34a095e5681d0a6c10b75bf356191/sympy-1.14.0-py3-none-any.whl", hash = "sha256:e091cc3e99d2141a0ba2847328f5479b05d94a6635cb96148ccb3f34671bd8f5" },
]

[[package]]
name = "timm"
version = "1.0.22"
source = { registry = "https://pypi.org/simple" }
dependencies = [
    { name = "huggingface-hub", marker = "platform_machine == 'x86_64' and sys_platform == 'linux'" },
    { name = "pyyaml", marker = "platform_machine == 'x86_64' and sys_platform == 'linux'" },
    { name = "safetensors", marker = "platform_machine == 'x86_64' and sys_platform == 'linux'" },
    { name = "torch", marker = "platform_machine == 'x86_64' and sys_platform == 'linux'" },
    { name = "torchvision", marker = "platform_machine == 'x86_64' and sys_platform == 'linux'" },
]
sdist = { url = "https://files.pythonhosted.org/packages/c5/9d/e4670765d1c033f97096c760b3b907eeb659cf80f3678640e5f060b04c6c/timm-1.0.22.tar.gz", hash = "sha256:14fd74bcc17db3856b1a47d26fb305576c98579ab9d02b36714a5e6b25cde422", size = 2382998, upload-time = "2025-11-05T04:06:09.377Z" }
wheels = [
    { url = "https://files.pythonhosted.org/packages/d6/14/fc04d491527b774ec7479897f5861959209de1480e4c4cd32ed098ff8bea/timm-1.0.22-py3-none-any.whl", hash = "sha256:888981753e65cbaacfc07494370138b1700a27b1f0af587f4f9b47bc024161d0", size = 2530238, upload-time = "2025-11-05T04:06:06.823Z" },
]

[[package]]
name = "torch"
version = "2.9.1+cpu"
source = { registry = "https://download.pytorch.org/whl/cpu" }
dependencies = [
    { name = "filelock", marker = "platform_machine == 'x86_64' and sys_platform == 'linux'" },
    { name = "fsspec", marker = "platform_machine == 'x86_64' and sys_platform == 'linux'" },
    { name = "jinja2", marker = "platform_machine == 'x86_64' and sys_platform == 'linux'" },
    { name = "networkx", marker = "platform_machine == 'x86_64' and sys_platform == 'linux'" },
    { name = "sympy", marker = "platform_machine == 'x86_64' and sys_platform == 'linux'" },
    { name = "typing-extensions", marker = "platform_machine == 'x86_64' and sys_platform == 'linux'" },
]
wheels = [
    { url = "https://download.pytorch.org/whl/cpu/torch-2.9.1%2Bcpu-cp311-cp311-manylinux_2_28_x86_64.whl" },
]

[[package]]
name = "torchvision"
version = "0.24.1+cpu"
source = { registry = "https://download.pytorch.org/whl/cpu" }
dependencies = [
    { name = "numpy", marker = "platform_machine == 'x86_64' and sys_platform == 'linux'" },
    { name = "pillow", marker = "platform_machine == 'x86_64' and sys_platform == 'linux'" },
    { name = "torch", marker = "platform_machine == 'x86_64' and sys_platform == 'linux'" },
]
wheels = [
    { url = "https://download.pytorch.org/whl/cpu/torchvision-0.24.1%2Bcpu-cp311-cp311-manylinux_2_28_x86_64.whl", hash = "sha256:1961587c5155563bc20e029101c65b480d6d5543e234c9f1bf1e7ba0b9328051" },
]

[[package]]
name = "tqdm"
version = "4.67.1"
source = { registry = "https://pypi.org/simple" }
sdist = { url = "https://files.pythonhosted.org/packages/a8/4b/29b4ef32e036bb34e4ab51796dd745cdba7ed47ad142a9f4a1eb8e0c744d/tqdm-4.67.1.tar.gz", hash = "sha256:f8aef9c52c08c13a65f30ea34f4e5aac3fd1a34959879d7e59e63027286627f2", size = 169737, upload-time = "2024-11-24T20:12:22.481Z" }
wheels = [
    { url = "https://files.pythonhosted.org/packages/d0/30/dc54f88dd4a2b5dc8a0279bdd7270e735851848b762aeb1c1184ed1f6b14/tqdm-4.67.1-py3-none-any.whl", hash = "sha256:26445eca388f82e72884e0d580d5464cd801a3ea01e63e5601bdff9ba6a48de2", size = 78540, upload-time = "2024-11-24T20:12:19.698Z" },
]

[[package]]
name = "typer-slim"
version = "0.20.0"
source = { registry = "https://pypi.org/simple" }
dependencies = [
    { name = "click", marker = "platform_machine == 'x86_64' and sys_platform == 'linux'" },
    { name = "typing-extensions", marker = "platform_machine == 'x86_64' and sys_platform == 'linux'" },
]
sdist = { url = "https://files.pythonhosted.org/packages/8e/45/81b94a52caed434b94da65729c03ad0fb7665fab0f7db9ee54c94e541403/typer_slim-0.20.0.tar.gz", hash = "sha256:9fc6607b3c6c20f5c33ea9590cbeb17848667c51feee27d9e314a579ab07d1a3", size = 106561, upload-time = "2025-10-20T17:03:46.642Z" }
wheels = [
    { url = "https://files.pythonhosted.org/packages/5e/dd/5cbf31f402f1cc0ab087c94d4669cfa55bd1e818688b910631e131d74e75/typer_slim-0.20.0-py3-none-any.whl", hash = "sha256:f42a9b7571a12b97dddf364745d29f12221865acef7a2680065f9bb29c7dc89d", size = 47087, upload-time = "2025-10-20T17:03:44.546Z" },
]

[[package]]
name = "typing-extensions"
version = "4.15.0"
source = { registry = "https://download.pytorch.org/whl/cpu" }
wheels = [
    { url = "https://download.pytorch.org/whl/typing_extensions-4.15.0-py3-none-any.whl" },
]

[[package]]
name = "typing-inspection"
version = "0.4.2"
source = { registry = "https://pypi.org/simple" }
dependencies = [
    { name = "typing-extensions", marker = "platform_machine == 'x86_64' and sys_platform == 'linux'" },
]
sdist = { url = "https://files.pythonhosted.org/packages/55/e3/70399cb7dd41c10ac53367ae42139cf4b1ca5f36bb3dc6c9d33acdb43655/typing_inspection-0.4.2.tar.gz", hash = "sha256:ba561c48a67c5958007083d386c3295464928b01faa735ab8547c5692e87f464", size = 75949, upload-time = "2025-10-01T02:14:41.687Z" }
wheels = [
    { url = "https://files.pythonhosted.org/packages/dc/9b/47798a6c91d8bdb567fe2698fe81e0c6b7cb7ef4d13da4114b41d239f65d/typing_inspection-0.4.2-py3-none-any.whl", hash = "sha256:4ed1cacbdc298c220f1bd249ed5287caa16f34d44ef4e9c3d0cbad5b521545e7", size = 14611, upload-time = "2025-10-01T02:14:40.154Z" },
]

[[package]]
name = "uvicorn"
version = "0.38.0"
source = { registry = "https://pypi.org/simple" }
dependencies = [
    { name = "click", marker = "platform_machine == 'x86_64' and sys_platform == 'linux'" },
    { name = "h11", marker = "platform_machine == 'x86_64' and sys_platform == 'linux'" },
]
sdist = { url = "https://files.pythonhosted.org/packages/cb/ce/f06b84e2697fef4688ca63bdb2fdf113ca0a3be33f94488f2cadb690b0cf/uvicorn-0.38.0.tar.gz", hash = "sha256:fd97093bdd120a2609fc0d3afe931d4d4ad688b6e75f0f929fde1bc36fe0e91d", size = 80605, upload-time = "2025-10-18T13:46:44.63Z" }
wheels = [
    { url = "https://files.pythonhosted.org/packages/ee/d9/d88e73ca598f4f6ff671fb5fde8a32925c2e08a637303a1d12883c7305fa/uvicorn-0.38.0-py3-none-any.whl", hash = "sha256:48c0afd214ceb59340075b4a052ea1ee91c16fbc2a9b1469cca0e54566977b02", size = 68109, upload-time = "2025-10-18T13:46:42.958Z" },
]

[[package]]
name = "wcwidth"
version = "0.2.14"
source = { registry = "https://pypi.org/simple" }
sdist = { url = "https://files.pythonhosted.org/packages/24/30/6b0809f4510673dc723187aeaf24c7f5459922d01e2f794277a3dfb90345/wcwidth-0.2.14.tar.gz", hash = "sha256:4d478375d31bc5395a3c55c40ccdf3354688364cd61c4f6adacaa9215d0b3605", size = 102293, upload-time = "2025-09-22T16:29:53.023Z" }
wheels = [
    { url = "https://files.pythonhosted.org/packages/af/b5/123f13c975e9f27ab9c0770f514345bd406d0e8d3b7a0723af9d43f710af/wcwidth-0.2.14-py2.py3-none-any.whl", hash = "sha256:a7bb560c8aee30f9957e5f9895805edd20602f2d7f720186dfd906e82b4982e1", size = 37286, upload-time = "2025-09-22T16:29:51.641Z" },
]
